
Microsoft Visual Studio Solution File, Format Version 12.00
# Visual Studio Version 16
VisualStudioVersion = 16.0.30225.117
MinimumVisualStudioVersion = 10.0.40219.1
Project("{FAE04EC0-301F-11D3-BF4B-00C04F79EFBC}") = "BookSite", "BookSite\BookSite.csproj", "{A2D39C44-4B86-4946-8EAC-B9721A545B93}"
EndProject
Global
	GlobalSection(SolutionConfigurationPlatforms) = preSolution
		Debug|Any CPU = Debug|Any CPU
		Release|Any CPU = Release|Any CPU
	EndGlobalSection
	GlobalSection(ProjectConfigurationPlatforms) = postSolution
		{A2D39C44-4B86-4946-8EAC-B9721A545B93}.Debug|Any CPU.ActiveCfg = Debug|Any CPU
		{A2D39C44-4B86-4946-8EAC-B9721A545B93}.Debug|Any CPU.Build.0 = Debug|Any CPU
		{A2D39C44-4B86-4946-8EAC-B9721A545B93}.Release|Any CPU.ActiveCfg = Release|Any CPU
		{A2D39C44-4B86-4946-8EAC-B9721A545B93}.Release|Any CPU.Build.0 = Release|Any CPU
	EndGlobalSection
	GlobalSection(SolutionProperties) = preSolution
		HideSolutionNode = FALSE
	EndGlobalSection
	GlobalSection(ExtensibilityGlobals) = postSolution
		SolutionGuid = {0B2425EA-95A4-4A40-930F-A47F0A0B4FAD}
	EndGlobalSection
EndGlobal
